// !$*UTF8*$!
{
	archiveVersion = 1;
	classes = {
	};
	objectVersion = 50;
	objects = {

/* Begin PBXBuildFile section */
		7038DAE524CA26A7003359D9 /* AppDelegate.swift in Sources */ = {isa = PBXBuildFile; fileRef = 7038DAE424CA26A7003359D9 /* AppDelegate.swift */; };
		7038DAE724CA26A7003359D9 /* Scene.sks in Resources */ = {isa = PBXBuildFile; fileRef = 7038DAE624CA26A7003359D9 /* Scene.sks */; };
		7038DAE924CA26A7003359D9 /* Scene.swift in Sources */ = {isa = PBXBuildFile; fileRef = 7038DAE824CA26A7003359D9 /* Scene.swift */; };
		7038DAEB24CA26A7003359D9 /* ViewController.swift in Sources */ = {isa = PBXBuildFile; fileRef = 7038DAEA24CA26A7003359D9 /* ViewController.swift */; };
		7038DAEE24CA26A7003359D9 /* Main.storyboard in Resources */ = {isa = PBXBuildFile; fileRef = 7038DAEC24CA26A7003359D9 /* Main.storyboard */; };
		7038DAF024CA26A9003359D9 /* Assets.xcassets in Resources */ = {isa = PBXBuildFile; fileRef = 7038DAEF24CA26A9003359D9 /* Assets.xcassets */; };
		7038DAF324CA26A9003359D9 /* LaunchScreen.storyboard in Resources */ = {isa = PBXBuildFile; fileRef = 7038DAF124CA26A9003359D9 /* LaunchScreen.storyboard */; };
/* End PBXBuildFile section */

/* Begin PBXFileReference section */
		7038DAE124CA26A7003359D9 /* ARandSpriteKIT.app */ = {isa = PBXFileReference; explicitFileType = wrapper.application; includeInIndex = 0; path = ARandSpriteKIT.app; sourceTree = BUILT_PRODUCTS_DIR; };
		7038DAE424CA26A7003359D9 /* AppDelegate.swift */ = {isa = PBXFileReference; lastKnownFileType = sourcecode.swift; path = AppDelegate.swift; sourceTree = "<group>"; };
		7038DAE624CA26A7003359D9 /* Scene.sks */ = {isa = PBXFileReference; lastKnownFileType = file.sks; path = Scene.sks; sourceTree = "<group>"; };
		7038DAE824CA26A7003359D9 /* Scene.swift */ = {isa = PBXFileReference; lastKnownFileType = sourcecode.swift; path = Scene.swift; sourceTree = "<group>"; };
		7038DAEA24CA26A7003359D9 /* ViewController.swift */ = {isa = PBXFileReference; lastKnownFileType = sourcecode.swift; path = ViewController.swift; sourceTree = "<group>"; };
		7038DAED24CA26A7003359D9 /* Base */ = {isa = PBXFileReference; lastKnownFileType = file.storyboard; name = Base; path = Base.lproj/Main.storyboard; sourceTree = "<group>"; };
		7038DAEF24CA26A9003359D9 /* Assets.xcassets */ = {isa = PBXFileReference; lastKnownFileType = folder.assetcatalog; path = Assets.xcassets; sourceTree = "<group>"; };
		7038DAF224CA26A9003359D9 /* Base */ = {isa = PBXFileReference; lastKnownFileType = file.storyboard; name = Base; path = Base.lproj/LaunchScreen.storyboard; sourceTree = "<group>"; };
		7038DAF424CA26A9003359D9 /* Info.plist */ = {isa = PBXFileReference; lastKnownFileType = text.plist.xml; path = Info.plist; sourceTree = "<group>"; };
/* End PBXFileReference section */

/* Begin PBXFrameworksBuildPhase section */
		7038DADE24CA26A7003359D9 /* Frameworks */ = {
			isa = PBXFrameworksBuildPhase;
			buildActionMask = 2147483647;
			files = (
			);
			runOnlyForDeploymentPostprocessing = 0;
		};
/* End PBXFrameworksBuildPhase section */

/* Begin PBXGroup section */
		7038DAD824CA26A7003359D9 = {
			isa = PBXGroup;
			children = (
				7038DAE324CA26A7003359D9 /* ARandSpriteKIT */,
				7038DAE224CA26A7003359D9 /* Products */,
			);
			sourceTree = "<group>";
		};
		7038DAE224CA26A7003359D9 /* Products */ = {
			isa = PBXGroup;
			children = (
				7038DAE124CA26A7003359D9 /* ARandSpriteKIT.app */,
			);
			name = Products;
			sourceTree = "<group>";
		};
		7038DAE324CA26A7003359D9 /* ARandSpriteKIT */ = {
			isa = PBXGroup;
			children = (
				7038DAE424CA26A7003359D9 /* AppDelegate.swift */,
				7038DAE624CA26A7003359D9 /* Scene.sks */,
				7038DAE824CA26A7003359D9 /* Scene.swift */,
				7038DAEA24CA26A7003359D9 /* ViewController.swift */,
				7038DAEC24CA26A7003359D9 /* Main.storyboard */,
				7038DAEF24CA26A9003359D9 /* Assets.xcassets */,
				7038DAF124CA26A9003359D9 /* LaunchScreen.storyboard */,
				7038DAF424CA26A9003359D9 /* Info.plist */,
			);
			path = ARandSpriteKIT;
			sourceTree = "<group>";
		};
/* End PBXGroup section */

/* Begin PBXNativeTarget section */
		7038DAE024CA26A7003359D9 /* ARandSpriteKIT */ = {
			isa = PBXNativeTarget;
			buildConfigurationList = 7038DAF724CA26A9003359D9 /* Build configuration list for PBXNativeTarget "ARandSpriteKIT" */;
			buildPhases = (
				7038DADD24CA26A7003359D9 /* Sources */,
				7038DADE24CA26A7003359D9 /* Frameworks */,
				7038DADF24CA26A7003359D9 /* Resources */,
			);
			buildRules = (
			);
			dependencies = (
			);
			name = ARandSpriteKIT;
			productName = ARandSpriteKIT;
			productReference = 7038DAE124CA26A7003359D9 /* ARandSpriteKIT.app */;
			productType = "com.apple.product-type.application";
		};
/* End PBXNativeTarget section */

/* Begin PBXProject section */
		7038DAD924CA26A7003359D9 /* Project object */ = {
			isa = PBXProject;
			attributes = {
				LastSwiftUpdateCheck = 1200;
				LastUpgradeCheck = 1200;
				TargetAttributes = {
					7038DAE024CA26A7003359D9 = {
						CreatedOnToolsVersion = 12.0;
					};
				};
			};
			buildConfigurationList = 7038DADC24CA26A7003359D9 /* Build configuration list for PBXProject "ARandSpriteKIT" */;
			compatibilityVersion = "Xcode 9.3";
			developmentRegion = en;
			hasScannedForEncodings = 0;
			knownRegions = (
				en,
				Base,
			);
			mainGroup = 7038DAD824CA26A7003359D9;
			productRefGroup = 7038DAE224CA26A7003359D9 /* Products */;
			projectDirPath = "";
			projectRoot = "";
			targets = (
				7038DAE024CA26A7003359D9 /* ARandSpriteKIT */,
			);
		};
/* End PBXProject section */

/* Begin PBXResourcesBuildPhase section */
		7038DADF24CA26A7003359D9 /* Resources */ = {
			isa = PBXResourcesBuildPhase;
			buildActionMask = 2147483647;
			files = (
				7038DAE724CA26A7003359D9 /* Scene.sks in Resources */,
				7038DAF324CA26A9003359D9 /* LaunchScreen.storyboard in Resources */,
				7038DAF024CA26A9003359D9 /* Assets.xcassets in Resources */,
				7038DAEE24CA26A7003359D9 /* Main.storyboard in Resources */,
			);
			runOnlyForDeploymentPostprocessing = 0;
		};
/* End PBXResourcesBuildPhase section */

/* Begin PBXSourcesBuildPhase section */
		7038DADD24CA26A7003359D9 /* Sources */ = {
			isa = PBXSourcesBuildPhase;
			buildActionMask = 2147483647;
			files = (
				7038DAEB24CA26A7003359D9 /* ViewController.swift in Sources */,
				7038DAE924CA26A7003359D9 /* Scene.swift in Sources */,
				7038DAE524CA26A7003359D9 /* AppDelegate.swift in Sources */,
			);
			runOnlyForDeploymentPostprocessing = 0;
		};
/* End PBXSourcesBuildPhase section */

/* Begin PBXVariantGroup section */
		7038DAEC24CA26A7003359D9 /* Main.storyboard */ = {
			isa = PBXVariantGroup;
			children = (
				7038DAED24CA26A7003359D9 /* Base */,
			);
			name = Main.storyboard;
			sourceTree = "<group>";
		};
		7038DAF124CA26A9003359D9 /* LaunchScreen.storyboard */ = {
			isa = PBXVariantGroup;
			children = (
				7038DAF224CA26A9003359D9 /* Base */,
			);
			name = LaunchScreen.storyboard;
			sourceTree = "<group>";
		};
/* End PBXVariantGroup section */

/* Begin XCBuildConfiguration section */
		7038DAF524CA26A9003359D9 /* Debug */ = {
			isa = XCBuildConfiguration;
			buildSettings = {
				ALWAYS_SEARCH_USER_PATHS = NO;
				CLANG_ANALYZER_NONNULL = YES;
				CLANG_ANALYZER_NUMBER_OBJECT_CONVERSION = YES_AGGRESSIVE;
				CLANG_CXX_LANGUAGE_STANDARD = "gnu++14";
				CLANG_CXX_LIBRARY = "libc++";
				CLANG_ENABLE_MODULES = YES;
				CLANG_ENABLE_OBJC_ARC = YES;
				CLANG_ENABLE_OBJC_WEAK = YES;
				CLANG_WARN_BLOCK_CAPTURE_AUTORELEASING = YES;
				CLANG_WARN_BOOL_CONVERSION = YES;
				CLANG_WARN_COMMA = YES;
				CLANG_WARN_CONSTANT_CONVERSION = YES;
				CLANG_WARN_DEPRECATED_OBJC_IMPLEMENTATIONS = YES;
				CLANG_WARN_DIRECT_OBJC_ISA_USAGE = YES_ERROR;
				CLANG_WARN_DOCUMENTATION_COMMENTS = YES;
				CLANG_WARN_EMPTY_BODY = YES;
				CLANG_WARN_ENUM_CONVERSION = YES;
				CLANG_WARN_INFINITE_RECURSION = YES;
				CLANG_WARN_INT_CONVERSION = YES;
				CLANG_WARN_NON_LITERAL_NULL_CONVERSION = YES;
				CLANG_WARN_OBJC_IMPLICIT_RETAIN_SELF = YES;
				CLANG_WARN_OBJC_LITERAL_CONVERSION = YES;
				CLANG_WARN_OBJC_ROOT_CLASS = YES_ERROR;
				CLANG_WARN_QUOTED_INCLUDE_IN_FRAMEWORK_HEADER = YES;
				CLANG_WARN_RANGE_LOOP_ANALYSIS = YES;
				CLANG_WARN_STRICT_PROTOTYPES = YES;
				CLANG_WARN_SUSPICIOUS_MOVE = YES;
				CLANG_WARN_UNGUARDED_AVAILABILITY = YES_AGGRESSIVE;
				CLANG_WARN_UNREACHABLE_CODE = YES;
				CLANG_WARN__DUPLICATE_METHOD_MATCH = YES;
				COPY_PHASE_STRIP = NO;
				DEBUG_INFORMATION_FORMAT = dwarf;
				ENABLE_STRICT_OBJC_MSGSEND = YES;
				ENABLE_TESTABILITY = YES;
				GCC_C_LANGUAGE_STANDARD = gnu11;
				GCC_DYNAMIC_NO_PIC = NO;
				GCC_NO_COMMON_BLOCKS = YES;
				GCC_OPTIMIZATION_LEVEL = 0;
				GCC_PREPROCESSOR_DEFINITIONS = (
					"DEBUG=1",
					"$(inherited)",
				);
				GCC_WARN_64_TO_32_BIT_CONVERSION = YES;
				GCC_WARN_ABOUT_RETURN_TYPE = YES_ERROR;
				GCC_WARN_UNDECLARED_SELECTOR = YES;
				GCC_WARN_UNINITIALIZED_AUTOS = YES_AGGRESSIVE;
				GCC_WARN_UNUSED_FUNCTION = YES;
				GCC_WARN_UNUSED_VARIABLE = YES;
				IPHONEOS_DEPLOYMENT_TARGET = 14.0;
				MTL_ENABLE_DEBUG_INFO = INCLUDE_SOURCE;
				MTL_FAST_MATH = YES;
				ONLY_ACTIVE_ARCH = YES;
				SDKROOT = iphoneos;
				SWIFT_ACTIVE_COMPILATION_CONDITIONS = DEBUG;
				SWIFT_OPTIMIZATION_LEVEL = "-Onone";
			};
			name = Debug;
		};
		7038DAF624CA26A9003359D9 /* Release */ = {
			isa = XCBuildConfiguration;
			buildSettings = {
				ALWAYS_SEARCH_USER_PATHS = NO;
				CLANG_ANALYZER_NONNULL = YES;
				CLANG_ANALYZER_NUMBER_OBJECT_CONVERSION = YES_AGGRESSIVE;
				CLANG_CXX_LANGUAGE_STANDARD = "gnu++14";
				CLANG_CXX_LIBRARY = "libc++";
				CLANG_ENABLE_MODULES = YES;
				CLANG_ENABLE_OBJC_ARC = YES;
				CLANG_ENABLE_OBJC_WEAK = YES;
				CLANG_WARN_BLOCK_CAPTURE_AUTORELEASING = YES;
				CLANG_WARN_BOOL_CONVERSION = YES;
				CLANG_WARN_COMMA = YES;
				CLANG_WARN_CONSTANT_CONVERSION = YES;
				CLANG_WARN_DEPRECATED_OBJC_IMPLEMENTATIONS = YES;
				CLANG_WARN_DIRECT_OBJC_ISA_USAGE = YES_ERROR;
				CLANG_WARN_DOCUMENTATION_COMMENTS = YES;
				CLANG_WARN_EMPTY_BODY = YES;
				CLANG_WARN_ENUM_CONVERSION = YES;
				CLANG_WARN_INFINITE_RECURSION = YES;
				CLANG_WARN_INT_CONVERSION = YES;
				CLANG_WARN_NON_LITERAL_NULL_CONVERSION = YES;
				CLANG_WARN_OBJC_IMPLICIT_RETAIN_SELF = YES;
				CLANG_WARN_OBJC_LITERAL_CONVERSION = YES;
				CLANG_WARN_OBJC_ROOT_CLASS = YES_ERROR;
				CLANG_WARN_QUOTED_INCLUDE_IN_FRAMEWORK_HEADER = YES;
				CLANG_WARN_RANGE_LOOP_ANALYSIS = YES;
				CLANG_WARN_STRICT_PROTOTYPES = YES;
				CLANG_WARN_SUSPICIOUS_MOVE = YES;
				CLANG_WARN_UNGUARDED_AVAILABILITY = YES_AGGRESSIVE;
				CLANG_WARN_UNREACHABLE_CODE = YES;
				CLANG_WARN__DUPLICATE_METHOD_MATCH = YES;
				COPY_PHASE_STRIP = NO;
				DEBUG_INFORMATION_FORMAT = "dwarf-with-dsym";
				ENABLE_NS_ASSERTIONS = NO;
				ENABLE_STRICT_OBJC_MSGSEND = YES;
				GCC_C_LANGUAGE_STANDARD = gnu11;
				GCC_NO_COMMON_BLOCKS = YES;
				GCC_WARN_64_TO_32_BIT_CONVERSION = YES;
				GCC_WARN_ABOUT_RETURN_TYPE = YES_ERROR;
				GCC_WARN_UNDECLARED_SELECTOR = YES;
				GCC_WARN_UNINITIALIZED_AUTOS = YES_AGGRESSIVE;
				GCC_WARN_UNUSED_FUNCTION = YES;
				GCC_WARN_UNUSED_VARIABLE = YES;
				IPHONEOS_DEPLOYMENT_TARGET = 14.0;
				MTL_ENABLE_DEBUG_INFO = NO;
				MTL_FAST_MATH = YES;
				SDKROOT = iphoneos;
				SWIFT_COMPILATION_MODE = wholemodule;
				SWIFT_OPTIMIZATION_LEVEL = "-O";
				VALIDATE_PRODUCT = YES;
			};
			name = Release;
		};
		7038DAF824CA26A9003359D9 /* Debug */ = {
			isa = XCBuildConfiguration;
			buildSettings = {
				ASSETCATALOG_COMPILER_APPICON_NAME = AppIcon;
				ASSETCATALOG_COMPILER_GLOBAL_ACCENT_COLOR_NAME = AccentColor;
				CODE_SIGN_STYLE = Automatic;
				DEVELOPMENT_TEAM = C7UJQJ2BAR;
				INFOPLIST_FILE = ARandSpriteKIT/Info.plist;
				LD_RUNPATH_SEARCH_PATHS = (
					"$(inherited)",
					"@executable_path/Frameworks",
				);
				PRODUCT_BUNDLE_IDENTIFIER = com.furkanhanci.ARandSpriteKIT;
				PRODUCT_NAME = "$(TARGET_NAME)";
				SWIFT_VERSION = 5.0;
				TARGETED_DEVICE_FAMILY = "1,2";
			};
			name = Debug;
		};
		7038DAF924CA26A9003359D9 /* Release */ = {
			isa = XCBuildConfiguration;
			buildSettings = {
				ASSETCATALOG_COMPILER_APPICON_NAME = AppIcon;
				ASSETCATALOG_COMPILER_GLOBAL_ACCENT_COLOR_NAME = AccentColor;
				CODE_SIGN_STYLE = Automatic;
				DEVELOPMENT_TEAM = C7UJQJ2BAR;
				INFOPLIST_FILE = ARandSpriteKIT/Info.plist;
				LD_RUNPATH_SEARCH_PATHS = (
					"$(inherited)",
					"@executable_path/Frameworks",
				);
				PRODUCT_BUNDLE_IDENTIFIER = com.furkanhanci.ARandSpriteKIT;
				PRODUCT_NAME = "$(TARGET_NAME)";
				SWIFT_VERSION = 5.0;
				TARGETED_DEVICE_FAMILY = "1,2";
			};
			name = Release;
		};
/* End XCBuildConfiguration section */

/* Begin XCConfigurationList section */
		7038DADC24CA26A7003359D9 /* Build configuration list for PBXProject "ARandSpriteKIT" */ = {
			isa = XCConfigurationList;
			buildConfigurations = (
				7038DAF524CA26A9003359D9 /* Debug */,
				7038DAF624CA26A9003359D9 /* Release */,
			);
			defaultConfigurationIsVisible = 0;
			defaultConfigurationName = Release;
		};
		7038DAF724CA26A9003359D9 /* Build configuration list for PBXNativeTarget "ARandSpriteKIT" */ = {
			isa = XCConfigurationList;
			buildConfigurations = (
				7038DAF824CA26A9003359D9 /* Debug */,
				7038DAF924CA26A9003359D9 /* Release */,
			);
			defaultConfigurationIsVisible = 0;
			defaultConfigurationName = Release;
		};
/* End XCConfigurationList section */
	};
	rootObject = 7038DAD924CA26A7003359D9 /* Project object */;
}
